
Microsoft Visual Studio Solution File, Format Version 12.00
# Visual Studio Version 16
VisualStudioVersion = 16.0.29728.190
MinimumVisualStudioVersion = 10.0.40219.1
Project("{9A19103F-16F7-4668-BE54-9A1E7A4F7556}") = "POO", "POO\POO.csproj", "{B9C44D02-E44F-4503-A8EB-52FF35EBC914}"
EndProject
Project("{FAE04EC0-301F-11D3-BF4B-00C04F79EFBC}") = "Herencia", "..\Herencia\Herencia.csproj", "{935CDFC6-0628-4CB1-BF44-DD9C00E46893}"
EndProject
Global
	GlobalSection(SolutionConfigurationPlatforms) = preSolution
		Debug|Any CPU = Debug|Any CPU
		Release|Any CPU = Release|Any CPU
	EndGlobalSection
	GlobalSection(ProjectConfigurationPlatforms) = postSolution
		{B9C44D02-E44F-4503-A8EB-52FF35EBC914}.Debug|Any CPU.ActiveCfg = Debug|Any CPU
		{B9C44D02-E44F-4503-A8EB-52FF35EBC914}.Debug|Any CPU.Build.0 = Debug|Any CPU
		{B9C44D02-E44F-4503-A8EB-52FF35EBC914}.Release|Any CPU.ActiveCfg = Release|Any CPU
		{B9C44D02-E44F-4503-A8EB-52FF35EBC914}.Release|Any CPU.Build.0 = Release|Any CPU
		{935CDFC6-0628-4CB1-BF44-DD9C00E46893}.Debug|Any CPU.ActiveCfg = Debug|Any CPU
		{935CDFC6-0628-4CB1-BF44-DD9C00E46893}.Debug|Any CPU.Build.0 = Debug|Any CPU
		{935CDFC6-0628-4CB1-BF44-DD9C00E46893}.Release|Any CPU.ActiveCfg = Release|Any CPU
		{935CDFC6-0628-4CB1-BF44-DD9C00E46893}.Release|Any CPU.Build.0 = Release|Any CPU
	EndGlobalSection
	GlobalSection(SolutionProperties) = preSolution
		HideSolutionNode = FALSE
	EndGlobalSection
	GlobalSection(ExtensibilityGlobals) = postSolution
		SolutionGuid = {1CCECCC5-A2ED-4ABF-867F-51A1A2A4AAE4}
	EndGlobalSection
EndGlobal
